// !$*UTF8*$!
{
	archiveVersion = 1;
	classes = {
	};
	objectVersion = 46;
	objects = {

/* Begin PBXBuildFile section */
		AB511E7B1D2AB1FD005B21CA /* PageTableViewCell.xib in Resources */ = {isa = PBXBuildFile; fileRef = AB511E7A1D2AB1FD005B21CA /* PageTableViewCell.xib */; };
		AB511E7E1D2AB207005B21CA /* PageTableViewCell.m in Sources */ = {isa = PBXBuildFile; fileRef = AB511E7D1D2AB207005B21CA /* PageTableViewCell.m */; };
		AB511E831D2AB235005B21CA /* Comment.m in Sources */ = {isa = PBXBuildFile; fileRef = AB511E801D2AB235005B21CA /* Comment.m */; };
		AB511E841D2AB235005B21CA /* Floor.m in Sources */ = {isa = PBXBuildFile; fileRef = AB511E821D2AB235005B21CA /* Floor.m */; };
		AB816C201D26B0EA0077D8DE /* main.m in Sources */ = {isa = PBXBuildFile; fileRef = AB816C1F1D26B0EA0077D8DE /* main.m */; };
		AB816C231D26B0EA0077D8DE /* AppDelegate.m in Sources */ = {isa = PBXBuildFile; fileRef = AB816C221D26B0EA0077D8DE /* AppDelegate.m */; };
		AB816C261D26B0EA0077D8DE /* ViewController.m in Sources */ = {isa = PBXBuildFile; fileRef = AB816C251D26B0EA0077D8DE /* ViewController.m */; };
		AB816C291D26B0EA0077D8DE /* Main.storyboard in Resources */ = {isa = PBXBuildFile; fileRef = AB816C271D26B0EA0077D8DE /* Main.storyboard */; };
		AB816C2B1D26B0EA0077D8DE /* Assets.xcassets in Resources */ = {isa = PBXBuildFile; fileRef = AB816C2A1D26B0EA0077D8DE /* Assets.xcassets */; };
		AB816C2E1D26B0EA0077D8DE /* LaunchScreen.storyboard in Resources */ = {isa = PBXBuildFile; fileRef = AB816C2C1D26B0EA0077D8DE /* LaunchScreen.storyboard */; };
		AB816C391D26B0EA0077D8DE /* JQPageScanerTests.m in Sources */ = {isa = PBXBuildFile; fileRef = AB816C381D26B0EA0077D8DE /* JQPageScanerTests.m */; };
		AB816C441D26B0EA0077D8DE /* JQPageScanerUITests.m in Sources */ = {isa = PBXBuildFile; fileRef = AB816C431D26B0EA0077D8DE /* JQPageScanerUITests.m */; };
		AB816C5B1D26B4790077D8DE /* JQPagerMeunView.m in Sources */ = {isa = PBXBuildFile; fileRef = AB816C5A1D26B4790077D8DE /* JQPagerMeunView.m */; };
		AB816C671D28EBA40077D8DE /* JQPageScanControll.m in Sources */ = {isa = PBXBuildFile; fileRef = AB816C661D28EBA40077D8DE /* JQPageScanControll.m */; };
		AB816C6A1D28EBC80077D8DE /* UITableView+PageScan.m in Sources */ = {isa = PBXBuildFile; fileRef = AB816C691D28EBC80077D8DE /* UITableView+PageScan.m */; };
		AB8C21DE1D2E3B520077BA1E /* TitleView.m in Sources */ = {isa = PBXBuildFile; fileRef = AB8C21DD1D2E3B520077BA1E /* TitleView.m */; };
		ABB38FD81D49005C00484BF4 /* data.txt in Resources */ = {isa = PBXBuildFile; fileRef = ABB38FD71D49005C00484BF4 /* data.txt */; };
		ABB38FDA1D4AF8E500484BF4 /* data1.txt in Resources */ = {isa = PBXBuildFile; fileRef = ABB38FD91D4AF8E500484BF4 /* data1.txt */; };
/* End PBXBuildFile section */

/* Begin PBXContainerItemProxy section */
		AB816C351D26B0EA0077D8DE /* PBXContainerItemProxy */ = {
			isa = PBXContainerItemProxy;
			containerPortal = AB816C131D26B0E90077D8DE /* Project object */;
			proxyType = 1;
			remoteGlobalIDString = AB816C1A1D26B0E90077D8DE;
			remoteInfo = JQPageScaner;
		};
		AB816C401D26B0EA0077D8DE /* PBXContainerItemProxy */ = {
			isa = PBXContainerItemProxy;
			containerPortal = AB816C131D26B0E90077D8DE /* Project object */;
			proxyType = 1;
			remoteGlobalIDString = AB816C1A1D26B0E90077D8DE;
			remoteInfo = JQPageScaner;
		};
/* End PBXContainerItemProxy section */

/* Begin PBXFileReference section */
		AB511E7A1D2AB1FD005B21CA /* PageTableViewCell.xib */ = {isa = PBXFileReference; fileEncoding = 4; lastKnownFileType = file.xib; path = PageTableViewCell.xib; sourceTree = "<group>"; };
		AB511E7C1D2AB207005B21CA /* PageTableViewCell.h */ = {isa = PBXFileReference; fileEncoding = 4; lastKnownFileType = sourcecode.c.h; path = PageTableViewCell.h; sourceTree = "<group>"; };
		AB511E7D1D2AB207005B21CA /* PageTableViewCell.m */ = {isa = PBXFileReference; fileEncoding = 4; lastKnownFileType = sourcecode.c.objc; path = PageTableViewCell.m; sourceTree = "<group>"; };
		AB511E7F1D2AB235005B21CA /* Comment.h */ = {isa = PBXFileReference; fileEncoding = 4; lastKnownFileType = sourcecode.c.h; path = Comment.h; sourceTree = "<group>"; };
		AB511E801D2AB235005B21CA /* Comment.m */ = {isa = PBXFileReference; fileEncoding = 4; lastKnownFileType = sourcecode.c.objc; path = Comment.m; sourceTree = "<group>"; };
		AB511E811D2AB235005B21CA /* Floor.h */ = {isa = PBXFileReference; fileEncoding = 4; lastKnownFileType = sourcecode.c.h; path = Floor.h; sourceTree = "<group>"; };
		AB511E821D2AB235005B21CA /* Floor.m */ = {isa = PBXFileReference; fileEncoding = 4; lastKnownFileType = sourcecode.c.objc; path = Floor.m; sourceTree = "<group>"; };
		AB816C1B1D26B0E90077D8DE /* JQPageScaner.app */ = {isa = PBXFileReference; explicitFileType = wrapper.application; includeInIndex = 0; path = JQPageScaner.app; sourceTree = BUILT_PRODUCTS_DIR; };
		AB816C1F1D26B0EA0077D8DE /* main.m */ = {isa = PBXFileReference; lastKnownFileType = sourcecode.c.objc; path = main.m; sourceTree = "<group>"; };
		AB816C211D26B0EA0077D8DE /* AppDelegate.h */ = {isa = PBXFileReference; lastKnownFileType = sourcecode.c.h; path = AppDelegate.h; sourceTree = "<group>"; };
		AB816C221D26B0EA0077D8DE /* AppDelegate.m */ = {isa = PBXFileReference; lastKnownFileType = sourcecode.c.objc; path = AppDelegate.m; sourceTree = "<group>"; };
		AB816C241D26B0EA0077D8DE /* ViewController.h */ = {isa = PBXFileReference; lastKnownFileType = sourcecode.c.h; path = ViewController.h; sourceTree = "<group>"; };
		AB816C251D26B0EA0077D8DE /* ViewController.m */ = {isa = PBXFileReference; lastKnownFileType = sourcecode.c.objc; path = ViewController.m; sourceTree = "<group>"; };
		AB816C281D26B0EA0077D8DE /* Base */ = {isa = PBXFileReference; lastKnownFileType = file.storyboard; name = Base; path = Base.lproj/Main.storyboard; sourceTree = "<group>"; };
		AB816C2A1D26B0EA0077D8DE /* Assets.xcassets */ = {isa = PBXFileReference; lastKnownFileType = folder.assetcatalog; path = Assets.xcassets; sourceTree = "<group>"; };
		AB816C2D1D26B0EA0077D8DE /* Base */ = {isa = PBXFileReference; lastKnownFileType = file.storyboard; name = Base; path = Base.lproj/LaunchScreen.storyboard; sourceTree = "<group>"; };
		AB816C2F1D26B0EA0077D8DE /* Info.plist */ = {isa = PBXFileReference; lastKnownFileType = text.plist.xml; path = Info.plist; sourceTree = "<group>"; };
		AB816C341D26B0EA0077D8DE /* JQPageScanerTests.xctest */ = {isa = PBXFileReference; explicitFileType = wrapper.cfbundle; includeInIndex = 0; path = JQPageScanerTests.xctest; sourceTree = BUILT_PRODUCTS_DIR; };
		AB816C381D26B0EA0077D8DE /* JQPageScanerTests.m */ = {isa = PBXFileReference; lastKnownFileType = sourcecode.c.objc; path = JQPageScanerTests.m; sourceTree = "<group>"; };
		AB816C3A1D26B0EA0077D8DE /* Info.plist */ = {isa = PBXFileReference; lastKnownFileType = text.plist.xml; path = Info.plist; sourceTree = "<group>"; };
		AB816C3F1D26B0EA0077D8DE /* JQPageScanerUITests.xctest */ = {isa = PBXFileReference; explicitFileType = wrapper.cfbundle; includeInIndex = 0; path = JQPageScanerUITests.xctest; sourceTree = BUILT_PRODUCTS_DIR; };
		AB816C431D26B0EA0077D8DE /* JQPageScanerUITests.m */ = {isa = PBXFileReference; lastKnownFileType = sourcecode.c.objc; path = JQPageScanerUITests.m; sourceTree = "<group>"; };
		AB816C451D26B0EA0077D8DE /* Info.plist */ = {isa = PBXFileReference; lastKnownFileType = text.plist.xml; path = Info.plist; sourceTree = "<group>"; };
		AB816C591D26B4790077D8DE /* JQPagerMeunView.h */ = {isa = PBXFileReference; fileEncoding = 4; lastKnownFileType = sourcecode.c.h; name = JQPagerMeunView.h; path = JQPagerScaner/JQPagerMeunView.h; sourceTree = "<group>"; };
		AB816C5A1D26B4790077D8DE /* JQPagerMeunView.m */ = {isa = PBXFileReference; fileEncoding = 4; lastKnownFileType = sourcecode.c.objc; name = JQPagerMeunView.m; path = JQPagerScaner/JQPagerMeunView.m; sourceTree = "<group>"; };
		AB816C651D28EBA40077D8DE /* JQPageScanControll.h */ = {isa = PBXFileReference; fileEncoding = 4; lastKnownFileType = sourcecode.c.h; path = JQPageScanControll.h; sourceTree = "<group>"; };
		AB816C661D28EBA40077D8DE /* JQPageScanControll.m */ = {isa = PBXFileReference; fileEncoding = 4; lastKnownFileType = sourcecode.c.objc; path = JQPageScanControll.m; sourceTree = "<group>"; };
		AB816C681D28EBC80077D8DE /* UITableView+PageScan.h */ = {isa = PBXFileReference; fileEncoding = 4; lastKnownFileType = sourcecode.c.h; path = "UITableView+PageScan.h"; sourceTree = "<group>"; };
		AB816C691D28EBC80077D8DE /* UITableView+PageScan.m */ = {isa = PBXFileReference; fileEncoding = 4; lastKnownFileType = sourcecode.c.objc; path = "UITableView+PageScan.m"; sourceTree = "<group>"; };
		AB8C21DC1D2E3B520077BA1E /* TitleView.h */ = {isa = PBXFileReference; fileEncoding = 4; lastKnownFileType = sourcecode.c.h; path = TitleView.h; sourceTree = "<group>"; };
		AB8C21DD1D2E3B520077BA1E /* TitleView.m */ = {isa = PBXFileReference; fileEncoding = 4; lastKnownFileType = sourcecode.c.objc; path = TitleView.m; sourceTree = "<group>"; };
		ABB38FD71D49005C00484BF4 /* data.txt */ = {isa = PBXFileReference; fileEncoding = 4; lastKnownFileType = text; path = data.txt; sourceTree = "<group>"; };
		ABB38FD91D4AF8E500484BF4 /* data1.txt */ = {isa = PBXFileReference; fileEncoding = 4; lastKnownFileType = text; path = data1.txt; sourceTree = "<group>"; };
/* End PBXFileReference section */

/* Begin PBXFrameworksBuildPhase section */
		AB816C181D26B0E90077D8DE /* Frameworks */ = {
			isa = PBXFrameworksBuildPhase;
			buildActionMask = 2147483647;
			files = (
			);
			runOnlyForDeploymentPostprocessing = 0;
		};
		AB816C311D26B0EA0077D8DE /* Frameworks */ = {
			isa = PBXFrameworksBuildPhase;
			buildActionMask = 2147483647;
			files = (
			);
			runOnlyForDeploymentPostprocessing = 0;
		};
		AB816C3C1D26B0EA0077D8DE /* Frameworks */ = {
			isa = PBXFrameworksBuildPhase;
			buildActionMask = 2147483647;
			files = (
			);
			runOnlyForDeploymentPostprocessing = 0;
		};
/* End PBXFrameworksBuildPhase section */

/* Begin PBXGroup section */
		AB816C121D26B0E90077D8DE = {
			isa = PBXGroup;
			children = (
				AB816C1D1D26B0EA0077D8DE /* JQPageScaner */,
				AB816C371D26B0EA0077D8DE /* JQPageScanerTests */,
				AB816C421D26B0EA0077D8DE /* JQPageScanerUITests */,
				AB816C1C1D26B0E90077D8DE /* Products */,
			);
			sourceTree = "<group>";
		};
		AB816C1C1D26B0E90077D8DE /* Products */ = {
			isa = PBXGroup;
			children = (
				AB816C1B1D26B0E90077D8DE /* JQPageScaner.app */,
				AB816C341D26B0EA0077D8DE /* JQPageScanerTests.xctest */,
				AB816C3F1D26B0EA0077D8DE /* JQPageScanerUITests.xctest */,
			);
			name = Products;
			sourceTree = "<group>";
		};
		AB816C1D1D26B0EA0077D8DE /* JQPageScaner */ = {
			isa = PBXGroup;
			children = (
				ABB38FD61D49003300484BF4 /* data */,
				AB8C21DB1D2E31130077BA1E /* model */,
				AB816C511D26B0FA0077D8DE /* JQPagerScaner */,
				AB816C211D26B0EA0077D8DE /* AppDelegate.h */,
				AB816C221D26B0EA0077D8DE /* AppDelegate.m */,
				AB816C241D26B0EA0077D8DE /* ViewController.h */,
				AB816C251D26B0EA0077D8DE /* ViewController.m */,
				AB816C271D26B0EA0077D8DE /* Main.storyboard */,
				AB816C2A1D26B0EA0077D8DE /* Assets.xcassets */,
				AB816C2C1D26B0EA0077D8DE /* LaunchScreen.storyboard */,
				AB816C2F1D26B0EA0077D8DE /* Info.plist */,
				AB816C1E1D26B0EA0077D8DE /* Supporting Files */,
			);
			path = JQPageScaner;
			sourceTree = "<group>";
		};
		AB816C1E1D26B0EA0077D8DE /* Supporting Files */ = {
			isa = PBXGroup;
			children = (
				AB816C1F1D26B0EA0077D8DE /* main.m */,
			);
			name = "Supporting Files";
			sourceTree = "<group>";
		};
		AB816C371D26B0EA0077D8DE /* JQPageScanerTests */ = {
			isa = PBXGroup;
			children = (
				AB816C381D26B0EA0077D8DE /* JQPageScanerTests.m */,
				AB816C3A1D26B0EA0077D8DE /* Info.plist */,
			);
			path = JQPageScanerTests;
			sourceTree = "<group>";
		};
		AB816C421D26B0EA0077D8DE /* JQPageScanerUITests */ = {
			isa = PBXGroup;
			children = (
				AB816C431D26B0EA0077D8DE /* JQPageScanerUITests.m */,
				AB816C451D26B0EA0077D8DE /* Info.plist */,
			);
			path = JQPageScanerUITests;
			sourceTree = "<group>";
		};
		AB816C511D26B0FA0077D8DE /* JQPagerScaner */ = {
			isa = PBXGroup;
			children = (
				AB8C21DC1D2E3B520077BA1E /* TitleView.h */,
				AB8C21DD1D2E3B520077BA1E /* TitleView.m */,
				AB816C591D26B4790077D8DE /* JQPagerMeunView.h */,
				AB816C5A1D26B4790077D8DE /* JQPagerMeunView.m */,
				AB816C651D28EBA40077D8DE /* JQPageScanControll.h */,
				AB816C661D28EBA40077D8DE /* JQPageScanControll.m */,
				AB816C681D28EBC80077D8DE /* UITableView+PageScan.h */,
				AB816C691D28EBC80077D8DE /* UITableView+PageScan.m */,
				AB511E7A1D2AB1FD005B21CA /* PageTableViewCell.xib */,
				AB511E7C1D2AB207005B21CA /* PageTableViewCell.h */,
				AB511E7D1D2AB207005B21CA /* PageTableViewCell.m */,
			);
			name = JQPagerScaner;
			sourceTree = "<group>";
		};
		AB8C21DB1D2E31130077BA1E /* model */ = {
			isa = PBXGroup;
			children = (
				AB511E7F1D2AB235005B21CA /* Comment.h */,
				AB511E801D2AB235005B21CA /* Comment.m */,
				AB511E811D2AB235005B21CA /* Floor.h */,
				AB511E821D2AB235005B21CA /* Floor.m */,
			);
			name = model;
			sourceTree = "<group>";
		};
		ABB38FD61D49003300484BF4 /* data */ = {
			isa = PBXGroup;
			children = (
				ABB38FD71D49005C00484BF4 /* data.txt */,
				ABB38FD91D4AF8E500484BF4 /* data1.txt */,
			);
			name = data;
			sourceTree = "<group>";
		};
/* End PBXGroup section */

/* Begin PBXNativeTarget section */
		AB816C1A1D26B0E90077D8DE /* JQPageScaner */ = {
			isa = PBXNativeTarget;
			buildConfigurationList = AB816C481D26B0EA0077D8DE /* Build configuration list for PBXNativeTarget "JQPageScaner" */;
			buildPhases = (
				AB816C171D26B0E90077D8DE /* Sources */,
				AB816C181D26B0E90077D8DE /* Frameworks */,
				AB816C191D26B0E90077D8DE /* Resources */,
			);
			buildRules = (
			);
			dependencies = (
			);
			name = JQPageScaner;
			productName = JQPageScaner;
			productReference = AB816C1B1D26B0E90077D8DE /* JQPageScaner.app */;
			productType = "com.apple.product-type.application";
		};
		AB816C331D26B0EA0077D8DE /* JQPageScanerTests */ = {
			isa = PBXNativeTarget;
			buildConfigurationList = AB816C4B1D26B0EA0077D8DE /* Build configuration list for PBXNativeTarget "JQPageScanerTests" */;
			buildPhases = (
				AB816C301D26B0EA0077D8DE /* Sources */,
				AB816C311D26B0EA0077D8DE /* Frameworks */,
				AB816C321D26B0EA0077D8DE /* Resources */,
			);
			buildRules = (
			);
			dependencies = (
				AB816C361D26B0EA0077D8DE /* PBXTargetDependency */,
			);
			name = JQPageScanerTests;
			productName = JQPageScanerTests;
			productReference = AB816C341D26B0EA0077D8DE /* JQPageScanerTests.xctest */;
			productType = "com.apple.product-type.bundle.unit-test";
		};
		AB816C3E1D26B0EA0077D8DE /* JQPageScanerUITests */ = {
			isa = PBXNativeTarget;
			buildConfigurationList = AB816C4E1D26B0EA0077D8DE /* Build configuration list for PBXNativeTarget "JQPageScanerUITests" */;
			buildPhases = (
				AB816C3B1D26B0EA0077D8DE /* Sources */,
				AB816C3C1D26B0EA0077D8DE /* Frameworks */,
				AB816C3D1D26B0EA0077D8DE /* Resources */,
			);
			buildRules = (
			);
			dependencies = (
				AB816C411D26B0EA0077D8DE /* PBXTargetDependency */,
			);
			name = JQPageScanerUITests;
			productName = JQPageScanerUITests;
			productReference = AB816C3F1D26B0EA0077D8DE /* JQPageScanerUITests.xctest */;
			productType = "com.apple.product-type.bundle.ui-testing";
		};
/* End PBXNativeTarget section */

/* Begin PBXProject section */
		AB816C131D26B0E90077D8DE /* Project object */ = {
			isa = PBXProject;
			attributes = {
				LastUpgradeCheck = 0730;
				ORGANIZATIONNAME = lvjiaqi;
				TargetAttributes = {
					AB816C1A1D26B0E90077D8DE = {
						CreatedOnToolsVersion = 7.3.1;
						DevelopmentTeam = EANP3A654D;
					};
					AB816C331D26B0EA0077D8DE = {
						CreatedOnToolsVersion = 7.3.1;
						DevelopmentTeam = EANP3A654D;
						TestTargetID = AB816C1A1D26B0E90077D8DE;
					};
					AB816C3E1D26B0EA0077D8DE = {
						CreatedOnToolsVersion = 7.3.1;
						DevelopmentTeam = EANP3A654D;
						TestTargetID = AB816C1A1D26B0E90077D8DE;
					};
				};
			};
			buildConfigurationList = AB816C161D26B0E90077D8DE /* Build configuration list for PBXProject "JQPageScaner" */;
			compatibilityVersion = "Xcode 3.2";
			developmentRegion = English;
			hasScannedForEncodings = 0;
			knownRegions = (
				en,
				Base,
			);
			mainGroup = AB816C121D26B0E90077D8DE;
			productRefGroup = AB816C1C1D26B0E90077D8DE /* Products */;
			projectDirPath = "";
			projectRoot = "";
			targets = (
				AB816C1A1D26B0E90077D8DE /* JQPageScaner */,
				AB816C331D26B0EA0077D8DE /* JQPageScanerTests */,
				AB816C3E1D26B0EA0077D8DE /* JQPageScanerUITests */,
			);
		};
/* End PBXProject section */

/* Begin PBXResourcesBuildPhase section */
		AB816C191D26B0E90077D8DE /* Resources */ = {
			isa = PBXResourcesBuildPhase;
			buildActionMask = 2147483647;
			files = (
				AB816C2E1D26B0EA0077D8DE /* LaunchScreen.storyboard in Resources */,
				AB816C2B1D26B0EA0077D8DE /* Assets.xcassets in Resources */,
				AB511E7B1D2AB1FD005B21CA /* PageTableViewCell.xib in Resources */,
				AB816C291D26B0EA0077D8DE /* Main.storyboard in Resources */,
				ABB38FDA1D4AF8E500484BF4 /* data1.txt in Resources */,
				ABB38FD81D49005C00484BF4 /* data.txt in Resources */,
			);
			runOnlyForDeploymentPostprocessing = 0;
		};
		AB816C321D26B0EA0077D8DE /* Resources */ = {
			isa = PBXResourcesBuildPhase;
			buildActionMask = 2147483647;
			files = (
			);
			runOnlyForDeploymentPostprocessing = 0;
		};
		AB816C3D1D26B0EA0077D8DE /* Resources */ = {
			isa = PBXResourcesBuildPhase;
			buildActionMask = 2147483647;
			files = (
			);
			runOnlyForDeploymentPostprocessing = 0;
		};
/* End PBXResourcesBuildPhase section */

/* Begin PBXSourcesBuildPhase section */
		AB816C171D26B0E90077D8DE /* Sources */ = {
			isa = PBXSourcesBuildPhase;
			buildActionMask = 2147483647;
			files = (
				AB816C5B1D26B4790077D8DE /* JQPagerMeunView.m in Sources */,
				AB816C261D26B0EA0077D8DE /* ViewController.m in Sources */,
				AB816C231D26B0EA0077D8DE /* AppDelegate.m in Sources */,
				AB511E841D2AB235005B21CA /* Floor.m in Sources */,
				AB816C201D26B0EA0077D8DE /* main.m in Sources */,
				AB816C671D28EBA40077D8DE /* JQPageScanControll.m in Sources */,
				AB511E7E1D2AB207005B21CA /* PageTableViewCell.m in Sources */,
				AB8C21DE1D2E3B520077BA1E /* TitleView.m in Sources */,
				AB816C6A1D28EBC80077D8DE /* UITableView+PageScan.m in Sources */,
				AB511E831D2AB235005B21CA /* Comment.m in Sources */,
			);
			runOnlyForDeploymentPostprocessing = 0;
		};
		AB816C301D26B0EA0077D8DE /* Sources */ = {
			isa = PBXSourcesBuildPhase;
			buildActionMask = 2147483647;
			files = (
				AB816C391D26B0EA0077D8DE /* JQPageScanerTests.m in Sources */,
			);
			runOnlyForDeploymentPostprocessing = 0;
		};
		AB816C3B1D26B0EA0077D8DE /* Sources */ = {
			isa = PBXSourcesBuildPhase;
			buildActionMask = 2147483647;
			files = (
				AB816C441D26B0EA0077D8DE /* JQPageScanerUITests.m in Sources */,
			);
			runOnlyForDeploymentPostprocessing = 0;
		};
/* End PBXSourcesBuildPhase section */

/* Begin PBXTargetDependency section */
		AB816C361D26B0EA0077D8DE /* PBXTargetDependency */ = {
			isa = PBXTargetDependency;
			target = AB816C1A1D26B0E90077D8DE /* JQPageScaner */;
			targetProxy = AB816C351D26B0EA0077D8DE /* PBXContainerItemProxy */;
		};
		AB816C411D26B0EA0077D8DE /* PBXTargetDependency */ = {
			isa = PBXTargetDependency;
			target = AB816C1A1D26B0E90077D8DE /* JQPageScaner */;
			targetProxy = AB816C401D26B0EA0077D8DE /* PBXContainerItemProxy */;
		};
/* End PBXTargetDependency section */

/* Begin PBXVariantGroup section */
		AB816C271D26B0EA0077D8DE /* Main.storyboard */ = {
			isa = PBXVariantGroup;
			children = (
				AB816C281D26B0EA0077D8DE /* Base */,
			);
			name = Main.storyboard;
			sourceTree = "<group>";
		};
		AB816C2C1D26B0EA0077D8DE /* LaunchScreen.storyboard */ = {
			isa = PBXVariantGroup;
			children = (
				AB816C2D1D26B0EA0077D8DE /* Base */,
			);
			name = LaunchScreen.storyboard;
			sourceTree = "<group>";
		};
/* End PBXVariantGroup section */

/* Begin XCBuildConfiguration section */
		AB816C461D26B0EA0077D8DE /* Debug */ = {
			isa = XCBuildConfiguration;
			buildSettings = {
				ALWAYS_SEARCH_USER_PATHS = NO;
				CLANG_ANALYZER_NONNULL = YES;
				CLANG_CXX_LANGUAGE_STANDARD = "gnu++0x";
				CLANG_CXX_LIBRARY = "libc++";
				CLANG_ENABLE_MODULES = YES;
				CLANG_ENABLE_OBJC_ARC = YES;
				CLANG_WARN_BOOL_CONVERSION = YES;
				CLANG_WARN_CONSTANT_CONVERSION = YES;
				CLANG_WARN_DIRECT_OBJC_ISA_USAGE = YES_ERROR;
				CLANG_WARN_EMPTY_BODY = YES;
				CLANG_WARN_ENUM_CONVERSION = YES;
				CLANG_WARN_INT_CONVERSION = YES;
				CLANG_WARN_OBJC_ROOT_CLASS = YES_ERROR;
				CLANG_WARN_UNREACHABLE_CODE = YES;
				CLANG_WARN__DUPLICATE_METHOD_MATCH = YES;
				"CODE_SIGN_IDENTITY[sdk=iphoneos*]" = "iPhone Developer";
				COPY_PHASE_STRIP = NO;
				DEBUG_INFORMATION_FORMAT = dwarf;
				ENABLE_STRICT_OBJC_MSGSEND = YES;
				ENABLE_TESTABILITY = YES;
				GCC_C_LANGUAGE_STANDARD = gnu99;
				GCC_DYNAMIC_NO_PIC = NO;
				GCC_NO_COMMON_BLOCKS = YES;
				GCC_OPTIMIZATION_LEVEL = 0;
				GCC_PREPROCESSOR_DEFINITIONS = (
					"DEBUG=1",
					"$(inherited)",
				);
				GCC_WARN_64_TO_32_BIT_CONVERSION = YES;
				GCC_WARN_ABOUT_RETURN_TYPE = YES_ERROR;
				GCC_WARN_UNDECLARED_SELECTOR = YES;
				GCC_WARN_UNINITIALIZED_AUTOS = YES_AGGRESSIVE;
				GCC_WARN_UNUSED_FUNCTION = YES;
				GCC_WARN_UNUSED_VARIABLE = YES;
				IPHONEOS_DEPLOYMENT_TARGET = 9.3;
				MTL_ENABLE_DEBUG_INFO = YES;
				ONLY_ACTIVE_ARCH = YES;
				SDKROOT = iphoneos;
				TARGETED_DEVICE_FAMILY = "1,2";
			};
			name = Debug;
		};
		AB816C471D26B0EA0077D8DE /* Release */ = {
			isa = XCBuildConfiguration;
			buildSettings = {
				ALWAYS_SEARCH_USER_PATHS = NO;
				CLANG_ANALYZER_NONNULL = YES;
				CLANG_CXX_LANGUAGE_STANDARD = "gnu++0x";
				CLANG_CXX_LIBRARY = "libc++";
				CLANG_ENABLE_MODULES = YES;
				CLANG_ENABLE_OBJC_ARC = YES;
				CLANG_WARN_BOOL_CONVERSION = YES;
				CLANG_WARN_CONSTANT_CONVERSION = YES;
				CLANG_WARN_DIRECT_OBJC_ISA_USAGE = YES_ERROR;
				CLANG_WARN_EMPTY_BODY = YES;
				CLANG_WARN_ENUM_CONVERSION = YES;
				CLANG_WARN_INT_CONVERSION = YES;
				CLANG_WARN_OBJC_ROOT_CLASS = YES_ERROR;
				CLANG_WARN_UNREACHABLE_CODE = YES;
				CLANG_WARN__DUPLICATE_METHOD_MATCH = YES;
				"CODE_SIGN_IDENTITY[sdk=iphoneos*]" = "iPhone Developer";
				COPY_PHASE_STRIP = NO;
				DEBUG_INFORMATION_FORMAT = "dwarf-with-dsym";
				ENABLE_NS_ASSERTIONS = NO;
				ENABLE_STRICT_OBJC_MSGSEND = YES;
				GCC_C_LANGUAGE_STANDARD = gnu99;
				GCC_NO_COMMON_BLOCKS = YES;
				GCC_WARN_64_TO_32_BIT_CONVERSION = YES;
				GCC_WARN_ABOUT_RETURN_TYPE = YES_ERROR;
				GCC_WARN_UNDECLARED_SELECTOR = YES;
				GCC_WARN_UNINITIALIZED_AUTOS = YES_AGGRESSIVE;
				GCC_WARN_UNUSED_FUNCTION = YES;
				GCC_WARN_UNUSED_VARIABLE = YES;
				IPHONEOS_DEPLOYMENT_TARGET = 9.3;
				MTL_ENABLE_DEBUG_INFO = NO;
				SDKROOT = iphoneos;
				TARGETED_DEVICE_FAMILY = "1,2";
				VALIDATE_PRODUCT = YES;
			};
			name = Release;
		};
		AB816C491D26B0EA0077D8DE /* Debug */ = {
			isa = XCBuildConfiguration;
			buildSettings = {
				ASSETCATALOG_COMPILER_APPICON_NAME = AppIcon;
				INFOPLIST_FILE = JQPageScaner/Info.plist;
				LD_RUNPATH_SEARCH_PATHS = "$(inherited) @executable_path/Frameworks";
				PRODUCT_BUNDLE_IDENTIFIER = com.lvjiaqi.JQPageScaner;
				PRODUCT_NAME = "$(TARGET_NAME)";
			};
			name = Debug;
		};
		AB816C4A1D26B0EA0077D8DE /* Release */ = {
			isa = XCBuildConfiguration;
			buildSettings = {
				ASSETCATALOG_COMPILER_APPICON_NAME = AppIcon;
				INFOPLIST_FILE = JQPageScaner/Info.plist;
				LD_RUNPATH_SEARCH_PATHS = "$(inherited) @executable_path/Frameworks";
				PRODUCT_BUNDLE_IDENTIFIER = com.lvjiaqi.JQPageScaner;
				PRODUCT_NAME = "$(TARGET_NAME)";
			};
			name = Release;
		};
		AB816C4C1D26B0EA0077D8DE /* Debug */ = {
			isa = XCBuildConfiguration;
			buildSettings = {
				BUNDLE_LOADER = "$(TEST_HOST)";
				INFOPLIST_FILE = JQPageScanerTests/Info.plist;
				LD_RUNPATH_SEARCH_PATHS = "$(inherited) @executable_path/Frameworks @loader_path/Frameworks";
				PRODUCT_BUNDLE_IDENTIFIER = com.lvjiaqi.JQPageScanerTests;
				PRODUCT_NAME = "$(TARGET_NAME)";
				TEST_HOST = "$(BUILT_PRODUCTS_DIR)/JQPageScaner.app/JQPageScaner";
			};
			name = Debug;
		};
		AB816C4D1D26B0EA0077D8DE /* Release */ = {
			isa = XCBuildConfiguration;
			buildSettings = {
				BUNDLE_LOADER = "$(TEST_HOST)";
				INFOPLIST_FILE = JQPageScanerTests/Info.plist;
				LD_RUNPATH_SEARCH_PATHS = "$(inherited) @executable_path/Frameworks @loader_path/Frameworks";
				PRODUCT_BUNDLE_IDENTIFIER = com.lvjiaqi.JQPageScanerTests;
				PRODUCT_NAME = "$(TARGET_NAME)";
				TEST_HOST = "$(BUILT_PRODUCTS_DIR)/JQPageScaner.app/JQPageScaner";
			};
			name = Release;
		};
		AB816C4F1D26B0EA0077D8DE /* Debug */ = {
			isa = XCBuildConfiguration;
			buildSettings = {
				INFOPLIST_FILE = JQPageScanerUITests/Info.plist;
				LD_RUNPATH_SEARCH_PATHS = "$(inherited) @executable_path/Frameworks @loader_path/Frameworks";
				PRODUCT_BUNDLE_IDENTIFIER = com.lvjiaqi.JQPageScanerUITests;
				PRODUCT_NAME = "$(TARGET_NAME)";
				TEST_TARGET_NAME = JQPageScaner;
			};
			name = Debug;
		};
		AB816C501D26B0EA0077D8DE /* Release */ = {
			isa = XCBuildConfiguration;
			buildSettings = {
				INFOPLIST_FILE = JQPageScanerUITests/Info.plist;
				LD_RUNPATH_SEARCH_PATHS = "$(inherited) @executable_path/Frameworks @loader_path/Frameworks";
				PRODUCT_BUNDLE_IDENTIFIER = com.lvjiaqi.JQPageScanerUITests;
				PRODUCT_NAME = "$(TARGET_NAME)";
				TEST_TARGET_NAME = JQPageScaner;
			};
			name = Release;
		};
/* End XCBuildConfiguration section */

/* Begin XCConfigurationList section */
		AB816C161D26B0E90077D8DE /* Build configuration list for PBXProject "JQPageScaner" */ = {
			isa = XCConfigurationList;
			buildConfigurations = (
				AB816C461D26B0EA0077D8DE /* Debug */,
				AB816C471D26B0EA0077D8DE /* Release */,
			);
			defaultConfigurationIsVisible = 0;
			defaultConfigurationName = Release;
		};
		AB816C481D26B0EA0077D8DE /* Build configuration list for PBXNativeTarget "JQPageScaner" */ = {
			isa = XCConfigurationList;
			buildConfigurations = (
				AB816C491D26B0EA0077D8DE /* Debug */,
				AB816C4A1D26B0EA0077D8DE /* Release */,
			);
			defaultConfigurationIsVisible = 0;
			defaultConfigurationName = Release;
		};
		AB816C4B1D26B0EA0077D8DE /* Build configuration list for PBXNativeTarget "JQPageScanerTests" */ = {
			isa = XCConfigurationList;
			buildConfigurations = (
				AB816C4C1D26B0EA0077D8DE /* Debug */,
				AB816C4D1D26B0EA0077D8DE /* Release */,
			);
			defaultConfigurationIsVisible = 0;
			defaultConfigurationName = Release;
		};
		AB816C4E1D26B0EA0077D8DE /* Build configuration list for PBXNativeTarget "JQPageScanerUITests" */ = {
			isa = XCConfigurationList;
			buildConfigurations = (
				AB816C4F1D26B0EA0077D8DE /* Debug */,
				AB816C501D26B0EA0077D8DE /* Release */,
			);
			defaultConfigurationIsVisible = 0;
			defaultConfigurationName = Release;
		};
/* End XCConfigurationList section */
	};
	rootObject = AB816C131D26B0E90077D8DE /* Project object */;
}
